
Microsoft Visual Studio Solution File, Format Version 12.00
# Visual Studio Version 16
VisualStudioVersion = 16.0.29230.61
MinimumVisualStudioVersion = 10.0.40219.1
Project("{FAE04EC0-301F-11D3-BF4B-00C04F79EFBC}") = "WeatherApp.UWP", "WeatherApp\WeatherApp.UWP\WeatherApp.UWP.csproj", "{539B1982-9CE5-4B92-B0D9-A3555422774A}"
EndProject
Project("{FAE04EC0-301F-11D3-BF4B-00C04F79EFBC}") = "WeatherApp.Android", "WeatherApp\WeatherApp.Android\WeatherApp.Android.csproj", "{8023F234-9E96-497B-AFCE-5C1B71C748A7}"
EndProject
Project("{FAE04EC0-301F-11D3-BF4B-00C04F79EFBC}") = "WeatherApp.iOS", "WeatherApp\WeatherApp.iOS\WeatherApp.iOS.csproj", "{ACFE3C16-D4AA-4EB8-9D9E-4064279E9662}"
EndProject
Project("{FAE04EC0-301F-11D3-BF4B-00C04F79EFBC}") = "WeatherApp", "WeatherApp\WeatherApp\WeatherApp.csproj", "{12D39800-C6EB-490F-B014-A0F9C5561A2C}"
EndProject
Global
	GlobalSection(SolutionConfigurationPlatforms) = preSolution
		Debug|Any CPU = Debug|Any CPU
		Debug|ARM = Debug|ARM
		Debug|iPhone = Debug|iPhone
		Debug|iPhoneSimulator = Debug|iPhoneSimulator
		Debug|x64 = Debug|x64
		Debug|x86 = Debug|x86
		Release|Any CPU = Release|Any CPU
		Release|ARM = Release|ARM
		Release|iPhone = Release|iPhone
		Release|iPhoneSimulator = Release|iPhoneSimulator
		Release|x64 = Release|x64
		Release|x86 = Release|x86
	EndGlobalSection
	GlobalSection(ProjectConfigurationPlatforms) = postSolution
		{539B1982-9CE5-4B92-B0D9-A3555422774A}.Debug|Any CPU.ActiveCfg = Debug|x86
		{539B1982-9CE5-4B92-B0D9-A3555422774A}.Debug|Any CPU.Build.0 = Debug|x86
		{539B1982-9CE5-4B92-B0D9-A3555422774A}.Debug|Any CPU.Deploy.0 = Debug|x86
		{539B1982-9CE5-4B92-B0D9-A3555422774A}.Debug|ARM.ActiveCfg = Debug|ARM
		{539B1982-9CE5-4B92-B0D9-A3555422774A}.Debug|ARM.Build.0 = Debug|ARM
		{539B1982-9CE5-4B92-B0D9-A3555422774A}.Debug|ARM.Deploy.0 = Debug|ARM
		{539B1982-9CE5-4B92-B0D9-A3555422774A}.Debug|iPhone.ActiveCfg = Debug|x86
		{539B1982-9CE5-4B92-B0D9-A3555422774A}.Debug|iPhone.Build.0 = Debug|x86
		{539B1982-9CE5-4B92-B0D9-A3555422774A}.Debug|iPhone.Deploy.0 = Debug|x86
		{539B1982-9CE5-4B92-B0D9-A3555422774A}.Debug|iPhoneSimulator.ActiveCfg = Debug|x86
		{539B1982-9CE5-4B92-B0D9-A3555422774A}.Debug|iPhoneSimulator.Build.0 = Debug|x86
		{539B1982-9CE5-4B92-B0D9-A3555422774A}.Debug|iPhoneSimulator.Deploy.0 = Debug|x86
		{539B1982-9CE5-4B92-B0D9-A3555422774A}.Debug|x64.ActiveCfg = Debug|x64
		{539B1982-9CE5-4B92-B0D9-A3555422774A}.Debug|x64.Build.0 = Debug|x64
		{539B1982-9CE5-4B92-B0D9-A3555422774A}.Debug|x64.Deploy.0 = Debug|x64
		{539B1982-9CE5-4B92-B0D9-A3555422774A}.Debug|x86.ActiveCfg = Debug|x86
		{539B1982-9CE5-4B92-B0D9-A3555422774A}.Debug|x86.Build.0 = Debug|x86
		{539B1982-9CE5-4B92-B0D9-A3555422774A}.Debug|x86.Deploy.0 = Debug|x86
		{539B1982-9CE5-4B92-B0D9-A3555422774A}.Release|Any CPU.ActiveCfg = Release|x86
		{539B1982-9CE5-4B92-B0D9-A3555422774A}.Release|Any CPU.Build.0 = Release|x86
		{539B1982-9CE5-4B92-B0D9-A3555422774A}.Release|Any CPU.Deploy.0 = Release|x86
		{539B1982-9CE5-4B92-B0D9-A3555422774A}.Release|ARM.ActiveCfg = Release|ARM
		{539B1982-9CE5-4B92-B0D9-A3555422774A}.Release|ARM.Build.0 = Release|ARM
		{539B1982-9CE5-4B92-B0D9-A3555422774A}.Release|ARM.Deploy.0 = Release|ARM
		{539B1982-9CE5-4B92-B0D9-A3555422774A}.Release|iPhone.ActiveCfg = Release|x86
		{539B1982-9CE5-4B92-B0D9-A3555422774A}.Release|iPhone.Build.0 = Release|x86
		{539B1982-9CE5-4B92-B0D9-A3555422774A}.Release|iPhone.Deploy.0 = Release|x86
		{539B1982-9CE5-4B92-B0D9-A3555422774A}.Release|iPhoneSimulator.ActiveCfg = Release|x86
		{539B1982-9CE5-4B92-B0D9-A3555422774A}.Release|iPhoneSimulator.Build.0 = Release|x86
		{539B1982-9CE5-4B92-B0D9-A3555422774A}.Release|iPhoneSimulator.Deploy.0 = Release|x86
		{539B1982-9CE5-4B92-B0D9-A3555422774A}.Release|x64.ActiveCfg = Release|x64
		{539B1982-9CE5-4B92-B0D9-A3555422774A}.Release|x64.Build.0 = Release|x64
		{539B1982-9CE5-4B92-B0D9-A3555422774A}.Release|x64.Deploy.0 = Release|x64
		{539B1982-9CE5-4B92-B0D9-A3555422774A}.Release|x86.ActiveCfg = Release|x86
		{539B1982-9CE5-4B92-B0D9-A3555422774A}.Release|x86.Build.0 = Release|x86
		{539B1982-9CE5-4B92-B0D9-A3555422774A}.Release|x86.Deploy.0 = Release|x86
		{8023F234-9E96-497B-AFCE-5C1B71C748A7}.Debug|Any CPU.ActiveCfg = Debug|Any CPU
		{8023F234-9E96-497B-AFCE-5C1B71C748A7}.Debug|Any CPU.Build.0 = Debug|Any CPU
		{8023F234-9E96-497B-AFCE-5C1B71C748A7}.Debug|Any CPU.Deploy.0 = Debug|Any CPU
		{8023F234-9E96-497B-AFCE-5C1B71C748A7}.Debug|ARM.ActiveCfg = Debug|Any CPU
		{8023F234-9E96-497B-AFCE-5C1B71C748A7}.Debug|ARM.Build.0 = Debug|Any CPU
		{8023F234-9E96-497B-AFCE-5C1B71C748A7}.Debug|ARM.Deploy.0 = Debug|Any CPU
		{8023F234-9E96-497B-AFCE-5C1B71C748A7}.Debug|iPhone.ActiveCfg = Debug|Any CPU
		{8023F234-9E96-497B-AFCE-5C1B71C748A7}.Debug|iPhone.Build.0 = Debug|Any CPU
		{8023F234-9E96-497B-AFCE-5C1B71C748A7}.Debug|iPhone.Deploy.0 = Debug|Any CPU
		{8023F234-9E96-497B-AFCE-5C1B71C748A7}.Debug|iPhoneSimulator.ActiveCfg = Debug|Any CPU
		{8023F234-9E96-497B-AFCE-5C1B71C748A7}.Debug|iPhoneSimulator.Build.0 = Debug|Any CPU
		{8023F234-9E96-497B-AFCE-5C1B71C748A7}.Debug|iPhoneSimulator.Deploy.0 = Debug|Any CPU
		{8023F234-9E96-497B-AFCE-5C1B71C748A7}.Debug|x64.ActiveCfg = Debug|Any CPU
		{8023F234-9E96-497B-AFCE-5C1B71C748A7}.Debug|x64.Build.0 = Debug|Any CPU
		{8023F234-9E96-497B-AFCE-5C1B71C748A7}.Debug|x64.Deploy.0 = Debug|Any CPU
		{8023F234-9E96-497B-AFCE-5C1B71C748A7}.Debug|x86.ActiveCfg = Debug|Any CPU
		{8023F234-9E96-497B-AFCE-5C1B71C748A7}.Debug|x86.Build.0 = Debug|Any CPU
		{8023F234-9E96-497B-AFCE-5C1B71C748A7}.Debug|x86.Deploy.0 = Debug|Any CPU
		{8023F234-9E96-497B-AFCE-5C1B71C748A7}.Release|Any CPU.ActiveCfg = Release|Any CPU
		{8023F234-9E96-497B-AFCE-5C1B71C748A7}.Release|Any CPU.Build.0 = Release|Any CPU
		{8023F234-9E96-497B-AFCE-5C1B71C748A7}.Release|Any CPU.Deploy.0 = Release|Any CPU
		{8023F234-9E96-497B-AFCE-5C1B71C748A7}.Release|ARM.ActiveCfg = Release|Any CPU
		{8023F234-9E96-497B-AFCE-5C1B71C748A7}.Release|ARM.Build.0 = Release|Any CPU
		{8023F234-9E96-497B-AFCE-5C1B71C748A7}.Release|ARM.Deploy.0 = Release|Any CPU
		{8023F234-9E96-497B-AFCE-5C1B71C748A7}.Release|iPhone.ActiveCfg = Release|Any CPU
		{8023F234-9E96-497B-AFCE-5C1B71C748A7}.Release|iPhone.Build.0 = Release|Any CPU
		{8023F234-9E96-497B-AFCE-5C1B71C748A7}.Release|iPhone.Deploy.0 = Release|Any CPU
		{8023F234-9E96-497B-AFCE-5C1B71C748A7}.Release|iPhoneSimulator.ActiveCfg = Release|Any CPU
		{8023F234-9E96-497B-AFCE-5C1B71C748A7}.Release|iPhoneSimulator.Build.0 = Release|Any CPU
		{8023F234-9E96-497B-AFCE-5C1B71C748A7}.Release|iPhoneSimulator.Deploy.0 = Release|Any CPU
		{8023F234-9E96-497B-AFCE-5C1B71C748A7}.Release|x64.ActiveCfg = Release|Any CPU
		{8023F234-9E96-497B-AFCE-5C1B71C748A7}.Release|x64.Build.0 = Release|Any CPU
		{8023F234-9E96-497B-AFCE-5C1B71C748A7}.Release|x64.Deploy.0 = Release|Any CPU
		{8023F234-9E96-497B-AFCE-5C1B71C748A7}.Release|x86.ActiveCfg = Release|Any CPU
		{8023F234-9E96-497B-AFCE-5C1B71C748A7}.Release|x86.Build.0 = Release|Any CPU
		{8023F234-9E96-497B-AFCE-5C1B71C748A7}.Release|x86.Deploy.0 = Release|Any CPU
		{ACFE3C16-D4AA-4EB8-9D9E-4064279E9662}.Debug|Any CPU.ActiveCfg = Debug|iPhone
		{ACFE3C16-D4AA-4EB8-9D9E-4064279E9662}.Debug|Any CPU.Build.0 = Debug|iPhone
		{ACFE3C16-D4AA-4EB8-9D9E-4064279E9662}.Debug|Any CPU.Deploy.0 = Debug|iPhone
		{ACFE3C16-D4AA-4EB8-9D9E-4064279E9662}.Debug|ARM.ActiveCfg = Debug|iPhoneSimulator
		{ACFE3C16-D4AA-4EB8-9D9E-4064279E9662}.Debug|ARM.Build.0 = Debug|iPhoneSimulator
		{ACFE3C16-D4AA-4EB8-9D9E-4064279E9662}.Debug|ARM.Deploy.0 = Debug|iPhoneSimulator
		{ACFE3C16-D4AA-4EB8-9D9E-4064279E9662}.Debug|iPhone.ActiveCfg = Debug|iPhone
		{ACFE3C16-D4AA-4EB8-9D9E-4064279E9662}.Debug|iPhone.Build.0 = Debug|iPhone
		{ACFE3C16-D4AA-4EB8-9D9E-4064279E9662}.Debug|iPhone.Deploy.0 = Debug|iPhone
		{ACFE3C16-D4AA-4EB8-9D9E-4064279E9662}.Debug|iPhoneSimulator.ActiveCfg = Debug|iPhoneSimulator
		{ACFE3C16-D4AA-4EB8-9D9E-4064279E9662}.Debug|iPhoneSimulator.Build.0 = Debug|iPhoneSimulator
		{ACFE3C16-D4AA-4EB8-9D9E-4064279E9662}.Debug|iPhoneSimulator.Deploy.0 = Debug|iPhoneSimulator
		{ACFE3C16-D4AA-4EB8-9D9E-4064279E9662}.Debug|x64.ActiveCfg = Debug|iPhone
		{ACFE3C16-D4AA-4EB8-9D9E-4064279E9662}.Debug|x64.Build.0 = Debug|iPhone
		{ACFE3C16-D4AA-4EB8-9D9E-4064279E9662}.Debug|x64.Deploy.0 = Debug|iPhone
		{ACFE3C16-D4AA-4EB8-9D9E-4064279E9662}.Debug|x86.ActiveCfg = Debug|iPhone
		{ACFE3C16-D4AA-4EB8-9D9E-4064279E9662}.Debug|x86.Build.0 = Debug|iPhone
		{ACFE3C16-D4AA-4EB8-9D9E-4064279E9662}.Debug|x86.Deploy.0 = Debug|iPhone
		{ACFE3C16-D4AA-4EB8-9D9E-4064279E9662}.Release|Any CPU.ActiveCfg = Release|iPhone
		{ACFE3C16-D4AA-4EB8-9D9E-4064279E9662}.Release|Any CPU.Build.0 = Release|iPhone
		{ACFE3C16-D4AA-4EB8-9D9E-4064279E9662}.Release|Any CPU.Deploy.0 = Release|iPhone
		{ACFE3C16-D4AA-4EB8-9D9E-4064279E9662}.Release|ARM.ActiveCfg = Release|iPhone
		{ACFE3C16-D4AA-4EB8-9D9E-4064279E9662}.Release|ARM.Build.0 = Release|iPhone
		{ACFE3C16-D4AA-4EB8-9D9E-4064279E9662}.Release|ARM.Deploy.0 = Release|iPhone
		{ACFE3C16-D4AA-4EB8-9D9E-4064279E9662}.Release|iPhone.ActiveCfg = Release|iPhone
		{ACFE3C16-D4AA-4EB8-9D9E-4064279E9662}.Release|iPhone.Build.0 = Release|iPhone
		{ACFE3C16-D4AA-4EB8-9D9E-4064279E9662}.Release|iPhone.Deploy.0 = Release|iPhone
		{ACFE3C16-D4AA-4EB8-9D9E-4064279E9662}.Release|iPhoneSimulator.ActiveCfg = Release|iPhoneSimulator
		{ACFE3C16-D4AA-4EB8-9D9E-4064279E9662}.Release|iPhoneSimulator.Build.0 = Release|iPhoneSimulator
		{ACFE3C16-D4AA-4EB8-9D9E-4064279E9662}.Release|iPhoneSimulator.Deploy.0 = Release|iPhoneSimulator
		{ACFE3C16-D4AA-4EB8-9D9E-4064279E9662}.Release|x64.ActiveCfg = Release|iPhone
		{ACFE3C16-D4AA-4EB8-9D9E-4064279E9662}.Release|x64.Build.0 = Release|iPhone
		{ACFE3C16-D4AA-4EB8-9D9E-4064279E9662}.Release|x64.Deploy.0 = Release|iPhone
		{ACFE3C16-D4AA-4EB8-9D9E-4064279E9662}.Release|x86.ActiveCfg = Release|iPhone
		{ACFE3C16-D4AA-4EB8-9D9E-4064279E9662}.Release|x86.Build.0 = Release|iPhone
		{ACFE3C16-D4AA-4EB8-9D9E-4064279E9662}.Release|x86.Deploy.0 = Release|iPhone
		{12D39800-C6EB-490F-B014-A0F9C5561A2C}.Debug|Any CPU.ActiveCfg = Debug|Any CPU
		{12D39800-C6EB-490F-B014-A0F9C5561A2C}.Debug|Any CPU.Build.0 = Debug|Any CPU
		{12D39800-C6EB-490F-B014-A0F9C5561A2C}.Debug|Any CPU.Deploy.0 = Debug|Any CPU
		{12D39800-C6EB-490F-B014-A0F9C5561A2C}.Debug|ARM.ActiveCfg = Debug|Any CPU
		{12D39800-C6EB-490F-B014-A0F9C5561A2C}.Debug|ARM.Build.0 = Debug|Any CPU
		{12D39800-C6EB-490F-B014-A0F9C5561A2C}.Debug|ARM.Deploy.0 = Debug|Any CPU
		{12D39800-C6EB-490F-B014-A0F9C5561A2C}.Debug|iPhone.ActiveCfg = Debug|Any CPU
		{12D39800-C6EB-490F-B014-A0F9C5561A2C}.Debug|iPhone.Build.0 = Debug|Any CPU
		{12D39800-C6EB-490F-B014-A0F9C5561A2C}.Debug|iPhone.Deploy.0 = Debug|Any CPU
		{12D39800-C6EB-490F-B014-A0F9C5561A2C}.Debug|iPhoneSimulator.ActiveCfg = Debug|Any CPU
		{12D39800-C6EB-490F-B014-A0F9C5561A2C}.Debug|iPhoneSimulator.Build.0 = Debug|Any CPU
		{12D39800-C6EB-490F-B014-A0F9C5561A2C}.Debug|iPhoneSimulator.Deploy.0 = Debug|Any CPU
		{12D39800-C6EB-490F-B014-A0F9C5561A2C}.Debug|x64.ActiveCfg = Debug|Any CPU
		{12D39800-C6EB-490F-B014-A0F9C5561A2C}.Debug|x64.Build.0 = Debug|Any CPU
		{12D39800-C6EB-490F-B014-A0F9C5561A2C}.Debug|x64.Deploy.0 = Debug|Any CPU
		{12D39800-C6EB-490F-B014-A0F9C5561A2C}.Debug|x86.ActiveCfg = Debug|Any CPU
		{12D39800-C6EB-490F-B014-A0F9C5561A2C}.Debug|x86.Build.0 = Debug|Any CPU
		{12D39800-C6EB-490F-B014-A0F9C5561A2C}.Debug|x86.Deploy.0 = Debug|Any CPU
		{12D39800-C6EB-490F-B014-A0F9C5561A2C}.Release|Any CPU.ActiveCfg = Release|Any CPU
		{12D39800-C6EB-490F-B014-A0F9C5561A2C}.Release|Any CPU.Build.0 = Release|Any CPU
		{12D39800-C6EB-490F-B014-A0F9C5561A2C}.Release|Any CPU.Deploy.0 = Release|Any CPU
		{12D39800-C6EB-490F-B014-A0F9C5561A2C}.Release|ARM.ActiveCfg = Release|Any CPU
		{12D39800-C6EB-490F-B014-A0F9C5561A2C}.Release|ARM.Build.0 = Release|Any CPU
		{12D39800-C6EB-490F-B014-A0F9C5561A2C}.Release|ARM.Deploy.0 = Release|Any CPU
		{12D39800-C6EB-490F-B014-A0F9C5561A2C}.Release|iPhone.ActiveCfg = Release|Any CPU
		{12D39800-C6EB-490F-B014-A0F9C5561A2C}.Release|iPhone.Build.0 = Release|Any CPU
		{12D39800-C6EB-490F-B014-A0F9C5561A2C}.Release|iPhone.Deploy.0 = Release|Any CPU
		{12D39800-C6EB-490F-B014-A0F9C5561A2C}.Release|iPhoneSimulator.ActiveCfg = Release|Any CPU
		{12D39800-C6EB-490F-B014-A0F9C5561A2C}.Release|iPhoneSimulator.Build.0 = Release|Any CPU
		{12D39800-C6EB-490F-B014-A0F9C5561A2C}.Release|iPhoneSimulator.Deploy.0 = Release|Any CPU
		{12D39800-C6EB-490F-B014-A0F9C5561A2C}.Release|x64.ActiveCfg = Release|Any CPU
		{12D39800-C6EB-490F-B014-A0F9C5561A2C}.Release|x64.Build.0 = Release|Any CPU
		{12D39800-C6EB-490F-B014-A0F9C5561A2C}.Release|x64.Deploy.0 = Release|Any CPU
		{12D39800-C6EB-490F-B014-A0F9C5561A2C}.Release|x86.ActiveCfg = Release|Any CPU
		{12D39800-C6EB-490F-B014-A0F9C5561A2C}.Release|x86.Build.0 = Release|Any CPU
		{12D39800-C6EB-490F-B014-A0F9C5561A2C}.Release|x86.Deploy.0 = Release|Any CPU
	EndGlobalSection
	GlobalSection(SolutionProperties) = preSolution
		HideSolutionNode = FALSE
	EndGlobalSection
	GlobalSection(ExtensibilityGlobals) = postSolution
		SolutionGuid = {A3B0F8CE-2F29-42AD-B814-28442C851C6A}
	EndGlobalSection
EndGlobal
